
Microsoft Visual Studio Solution File, Format Version 12.00
# Visual Studio 2012
Project("{FAE04EC0-301F-11D3-BF4B-00C04F79EFBC}") = "Phoneword_iOS", "Phoneword_iOS\Phoneword_iOS.csproj", "{0434161A-D638-4338-AB75-AC21694C336D}"
EndProject
Project("{FAE04EC0-301F-11D3-BF4B-00C04F79EFBC}") = "Phoneword_Droid", "Phoneword_Droid\Phoneword_Droid.csproj", "{CF38A575-0293-4B70-BBE1-2424CECE8C53}"
EndProject
Project("{D954291E-2A0B-460D-934E-DC6B0785DB48}") = "Phoneword", "Phoneword\Phoneword.shproj", "{D1D2E7CE-E18C-45B1-AFB9-C0ECBBC170F8}"
EndProject
Global
	GlobalSection(SolutionConfigurationPlatforms) = preSolution
		Debug|iPhoneSimulator = Debug|iPhoneSimulator
		Release|iPhoneSimulator = Release|iPhoneSimulator
		Debug|iPhone = Debug|iPhone
		Release|iPhone = Release|iPhone
		Ad-Hoc|iPhone = Ad-Hoc|iPhone
		AppStore|iPhone = AppStore|iPhone
	EndGlobalSection
	GlobalSection(ProjectConfigurationPlatforms) = postSolution
		{0434161A-D638-4338-AB75-AC21694C336D}.Ad-Hoc|iPhone.ActiveCfg = Ad-Hoc|iPhone
		{0434161A-D638-4338-AB75-AC21694C336D}.Ad-Hoc|iPhone.Build.0 = Ad-Hoc|iPhone
		{0434161A-D638-4338-AB75-AC21694C336D}.AppStore|iPhone.ActiveCfg = AppStore|iPhone
		{0434161A-D638-4338-AB75-AC21694C336D}.AppStore|iPhone.Build.0 = AppStore|iPhone
		{0434161A-D638-4338-AB75-AC21694C336D}.Debug|iPhone.ActiveCfg = Debug|iPhone
		{0434161A-D638-4338-AB75-AC21694C336D}.Debug|iPhone.Build.0 = Debug|iPhone
		{0434161A-D638-4338-AB75-AC21694C336D}.Debug|iPhoneSimulator.ActiveCfg = Debug|iPhoneSimulator
		{0434161A-D638-4338-AB75-AC21694C336D}.Debug|iPhoneSimulator.Build.0 = Debug|iPhoneSimulator
		{0434161A-D638-4338-AB75-AC21694C336D}.Release|iPhone.ActiveCfg = Release|iPhone
		{0434161A-D638-4338-AB75-AC21694C336D}.Release|iPhone.Build.0 = Release|iPhone
		{0434161A-D638-4338-AB75-AC21694C336D}.Release|iPhoneSimulator.ActiveCfg = Release|iPhoneSimulator
		{0434161A-D638-4338-AB75-AC21694C336D}.Release|iPhoneSimulator.Build.0 = Release|iPhoneSimulator
		{CF38A575-0293-4B70-BBE1-2424CECE8C53}.Ad-Hoc|iPhone.ActiveCfg = Release|Any CPU
		{CF38A575-0293-4B70-BBE1-2424CECE8C53}.Ad-Hoc|iPhone.Build.0 = Release|Any CPU
		{CF38A575-0293-4B70-BBE1-2424CECE8C53}.AppStore|iPhone.ActiveCfg = Release|Any CPU
		{CF38A575-0293-4B70-BBE1-2424CECE8C53}.AppStore|iPhone.Build.0 = Release|Any CPU
		{CF38A575-0293-4B70-BBE1-2424CECE8C53}.Debug|iPhone.ActiveCfg = Debug|Any CPU
		{CF38A575-0293-4B70-BBE1-2424CECE8C53}.Debug|iPhone.Build.0 = Debug|Any CPU
		{CF38A575-0293-4B70-BBE1-2424CECE8C53}.Debug|iPhoneSimulator.ActiveCfg = Debug|Any CPU
		{CF38A575-0293-4B70-BBE1-2424CECE8C53}.Debug|iPhoneSimulator.Build.0 = Debug|Any CPU
		{CF38A575-0293-4B70-BBE1-2424CECE8C53}.Release|iPhone.ActiveCfg = Release|Any CPU
		{CF38A575-0293-4B70-BBE1-2424CECE8C53}.Release|iPhone.Build.0 = Release|Any CPU
		{CF38A575-0293-4B70-BBE1-2424CECE8C53}.Release|iPhoneSimulator.ActiveCfg = Release|Any CPU
		{CF38A575-0293-4B70-BBE1-2424CECE8C53}.Release|iPhoneSimulator.Build.0 = Release|Any CPU
	EndGlobalSection
	GlobalSection(MonoDevelopProperties) = preSolution
		StartupItem = Phoneword_Droid\Phoneword_Droid.csproj
	EndGlobalSection
EndGlobal
